
Microsoft Visual Studio Solution File, Format Version 12.00
# Visual Studio Version 17
VisualStudioVersion = 17.1.32210.238
MinimumVisualStudioVersion = 10.0.40219.1
Project("{FAE04EC0-301F-11D3-BF4B-00C04F79EFBC}") = "_9C2", "_9C2\_9C2.csproj", "{49982D05-E4B3-40A1-956D-DB024D7506CC}"
EndProject
Project("{FAE04EC0-301F-11D3-BF4B-00C04F79EFBC}") = "DH9C2", "..\DH9C2\DH9C2.csproj", "{0301B2E8-31D6-4C4E-8FBC-2439C0F7B98A}"
EndProject
Project("{FAE04EC0-301F-11D3-BF4B-00C04F79EFBC}") = "BTL", "..\BTL\BTL.csproj", "{50695101-7CED-4B13-B634-B17F10B86008}"
EndProject
Global
	GlobalSection(SolutionConfigurationPlatforms) = preSolution
		Debug|Any CPU = Debug|Any CPU
		Release|Any CPU = Release|Any CPU
	EndGlobalSection
	GlobalSection(ProjectConfigurationPlatforms) = postSolution
		{49982D05-E4B3-40A1-956D-DB024D7506CC}.Debug|Any CPU.ActiveCfg = Debug|Any CPU
		{49982D05-E4B3-40A1-956D-DB024D7506CC}.Debug|Any CPU.Build.0 = Debug|Any CPU
		{49982D05-E4B3-40A1-956D-DB024D7506CC}.Release|Any CPU.ActiveCfg = Release|Any CPU
		{49982D05-E4B3-40A1-956D-DB024D7506CC}.Release|Any CPU.Build.0 = Release|Any CPU
		{0301B2E8-31D6-4C4E-8FBC-2439C0F7B98A}.Debug|Any CPU.ActiveCfg = Debug|Any CPU
		{0301B2E8-31D6-4C4E-8FBC-2439C0F7B98A}.Debug|Any CPU.Build.0 = Debug|Any CPU
		{0301B2E8-31D6-4C4E-8FBC-2439C0F7B98A}.Release|Any CPU.ActiveCfg = Release|Any CPU
		{0301B2E8-31D6-4C4E-8FBC-2439C0F7B98A}.Release|Any CPU.Build.0 = Release|Any CPU
		{50695101-7CED-4B13-B634-B17F10B86008}.Debug|Any CPU.ActiveCfg = Debug|Any CPU
		{50695101-7CED-4B13-B634-B17F10B86008}.Debug|Any CPU.Build.0 = Debug|Any CPU
		{50695101-7CED-4B13-B634-B17F10B86008}.Release|Any CPU.ActiveCfg = Release|Any CPU
		{50695101-7CED-4B13-B634-B17F10B86008}.Release|Any CPU.Build.0 = Release|Any CPU
	EndGlobalSection
	GlobalSection(SolutionProperties) = preSolution
		HideSolutionNode = FALSE
	EndGlobalSection
	GlobalSection(ExtensibilityGlobals) = postSolution
		SolutionGuid = {64115C62-F2D9-4354-AF30-15CF1E244D80}
	EndGlobalSection
EndGlobal
